
Microsoft Visual Studio Solution File, Format Version 12.00
# Visual Studio 15
Project("{FAE04EC0-301F-11D3-BF4B-00C04F79EFBC}") = "mixin-sdk-test", "mixin-sdk-test\mixin-sdk-test.csproj", "{88DD0CEE-2F92-4787-B88F-6F914075441B}"
EndProject
Project("{FAE04EC0-301F-11D3-BF4B-00C04F79EFBC}") = "mixin-csharp-sdk", "mixin-csharp-sdk\mixin-csharp-sdk.csproj", "{E9F3AE38-F754-4E64-8182-0F00F30564FF}"
EndProject
Project("{FAE04EC0-301F-11D3-BF4B-00C04F79EFBC}") = "mixin-web-demo", "mixin-web-demo\mixin-web-demo.csproj", "{7B8A821C-9F1C-429A-BFED-61469C297958}"
EndProject
Global
	GlobalSection(SolutionConfigurationPlatforms) = preSolution
		Debug|Any CPU = Debug|Any CPU
		Release|Any CPU = Release|Any CPU
	EndGlobalSection
	GlobalSection(ProjectConfigurationPlatforms) = postSolution
		{88DD0CEE-2F92-4787-B88F-6F914075441B}.Debug|Any CPU.ActiveCfg = Debug|Any CPU
		{88DD0CEE-2F92-4787-B88F-6F914075441B}.Debug|Any CPU.Build.0 = Debug|Any CPU
		{88DD0CEE-2F92-4787-B88F-6F914075441B}.Release|Any CPU.ActiveCfg = Release|Any CPU
		{88DD0CEE-2F92-4787-B88F-6F914075441B}.Release|Any CPU.Build.0 = Release|Any CPU
		{E9F3AE38-F754-4E64-8182-0F00F30564FF}.Debug|Any CPU.ActiveCfg = Debug|Any CPU
		{E9F3AE38-F754-4E64-8182-0F00F30564FF}.Debug|Any CPU.Build.0 = Debug|Any CPU
		{E9F3AE38-F754-4E64-8182-0F00F30564FF}.Release|Any CPU.ActiveCfg = Release|Any CPU
		{E9F3AE38-F754-4E64-8182-0F00F30564FF}.Release|Any CPU.Build.0 = Release|Any CPU
		{7B8A821C-9F1C-429A-BFED-61469C297958}.Debug|Any CPU.ActiveCfg = Debug|Any CPU
		{7B8A821C-9F1C-429A-BFED-61469C297958}.Debug|Any CPU.Build.0 = Debug|Any CPU
		{7B8A821C-9F1C-429A-BFED-61469C297958}.Release|Any CPU.ActiveCfg = Release|Any CPU
		{7B8A821C-9F1C-429A-BFED-61469C297958}.Release|Any CPU.Build.0 = Release|Any CPU
	EndGlobalSection
	GlobalSection(MonoDevelopProperties) = preSolution
		Policies = $0
		$0.DotNetNamingPolicy = $1
		$1.DirectoryNamespaceAssociation = PrefixedHierarchical
		$0.TextStylePolicy = $2
		$2.FileWidth = 80
		$2.TabsToSpaces = True
		$2.scope = text/x-csharp
		$0.CSharpFormattingPolicy = $3
		$3.scope = text/x-csharp
		$0.TextStylePolicy = $4
		$4.FileWidth = 80
		$4.TabsToSpaces = True
		$4.scope = text/plain
		$0.StandardHeader = $5
		$0.VersionControlPolicy = $6
	EndGlobalSection
EndGlobal
