
Microsoft Visual Studio Solution File, Format Version 12.00
# Visual Studio 15
Project("{FAE04EC0-301F-11D3-BF4B-00C04F79EFBC}") = "mixin-csharp-sdk", "mixin-csharp-sdk\mixin-csharp-sdk.csproj", "{E35985D9-26D7-473D-B004-BDB77BD118F4}"
EndProject
Global
	GlobalSection(SolutionConfigurationPlatforms) = preSolution
		Debug|Any CPU = Debug|Any CPU
		Release|Any CPU = Release|Any CPU
	EndGlobalSection
	GlobalSection(ProjectConfigurationPlatforms) = postSolution
		{E35985D9-26D7-473D-B004-BDB77BD118F4}.Debug|Any CPU.ActiveCfg = Debug|Any CPU
		{E35985D9-26D7-473D-B004-BDB77BD118F4}.Debug|Any CPU.Build.0 = Debug|Any CPU
		{E35985D9-26D7-473D-B004-BDB77BD118F4}.Release|Any CPU.ActiveCfg = Release|Any CPU
		{E35985D9-26D7-473D-B004-BDB77BD118F4}.Release|Any CPU.Build.0 = Release|Any CPU
	EndGlobalSection
EndGlobal
